
Microsoft Visual Studio Solution File, Format Version 12.00
# Visual Studio Version 17
VisualStudioVersion = 17.3.32929.385
MinimumVisualStudioVersion = 10.0.40219.1
Project("{FAE04EC0-301F-11D3-BF4B-00C04F79EFBC}") = "TestCalcOOP", "TestCalcOOP\TestCalcOOP.csproj", "{93D46A7E-8FBB-409E-B545-3F1F301247CF}"
EndProject
Global
	GlobalSection(SolutionConfigurationPlatforms) = preSolution
		Debug|Any CPU = Debug|Any CPU
		Release|Any CPU = Release|Any CPU
	EndGlobalSection
	GlobalSection(ProjectConfigurationPlatforms) = postSolution
		{93D46A7E-8FBB-409E-B545-3F1F301247CF}.Debug|Any CPU.ActiveCfg = Debug|Any CPU
		{93D46A7E-8FBB-409E-B545-3F1F301247CF}.Debug|Any CPU.Build.0 = Debug|Any CPU
		{93D46A7E-8FBB-409E-B545-3F1F301247CF}.Release|Any CPU.ActiveCfg = Release|Any CPU
		{93D46A7E-8FBB-409E-B545-3F1F301247CF}.Release|Any CPU.Build.0 = Release|Any CPU
	EndGlobalSection
	GlobalSection(SolutionProperties) = preSolution
		HideSolutionNode = FALSE
	EndGlobalSection
	GlobalSection(ExtensibilityGlobals) = postSolution
		SolutionGuid = {777E18CD-55D9-4E38-ABA3-E2A0324817A1}
	EndGlobalSection
EndGlobal
